
Microsoft Visual Studio Solution File, Format Version 12.00
# Visual Studio 15
VisualStudioVersion = 15.0.27130.2026
MinimumVisualStudioVersion = 10.0.40219.1
Project("{FAE04EC0-301F-11D3-BF4B-00C04F79EFBC}") = "Jamcast5", "Jamcast5\Jamcast5.csproj", "{AB7855BA-19BD-4758-B196-9D841309FF0C}"
EndProject
Global
	GlobalSection(SolutionConfigurationPlatforms) = preSolution
		Debug|Any CPU = Debug|Any CPU
		Release|Any CPU = Release|Any CPU
	EndGlobalSection
	GlobalSection(ProjectConfigurationPlatforms) = postSolution
		{AB7855BA-19BD-4758-B196-9D841309FF0C}.Debug|Any CPU.ActiveCfg = Debug|Any CPU
		{AB7855BA-19BD-4758-B196-9D841309FF0C}.Debug|Any CPU.Build.0 = Debug|Any CPU
		{AB7855BA-19BD-4758-B196-9D841309FF0C}.Release|Any CPU.ActiveCfg = Release|Any CPU
		{AB7855BA-19BD-4758-B196-9D841309FF0C}.Release|Any CPU.Build.0 = Release|Any CPU
	EndGlobalSection
	GlobalSection(SolutionProperties) = preSolution
		HideSolutionNode = FALSE
	EndGlobalSection
	GlobalSection(ExtensibilityGlobals) = postSolution
		SolutionGuid = {6EFED4D3-7F05-4D79-BD7A-96E4839DFEA9}
	EndGlobalSection
EndGlobal
